lockfileVersion: 5.4

specifiers:
  bootstrap: ^3.4.1
  jquery: ^3.6.0

dependencies:
  bootstrap: 3.4.1
  jquery: 3.7.1

packages:

  /bootstrap/3.4.1:
    resolution: {integrity: sha512-yN5oZVmRCwe5aKwzRj6736nSmKDX7pLYwsXiCj/EYmo16hODaBiT4En5btW/jhBF/seV+XMx3aYwukYC3A49DA==}
    engines: {node: '>=6'}
    dev: false

  /jquery/3.7.1:
    resolution: {integrity: sha512-m4avr8yL8kmFN8psrbFFFmB/If14iN5o9nw/NgnnM+kybDJpRsAynV2BsfpTYrTRysYUdADVD7CkUUizgkpLfg==}
    dev: false
